
Microsoft Visual Studio Solution File, Format Version 12.00
# Visual Studio Version 16
VisualStudioVersion = 16.0.31005.135
MinimumVisualStudioVersion = 10.0.40219.1
Project("{8BC9CEB8-8B4A-11D0-8D11-00A0C91BC942}") = "Week1", "Week1\Week1.vcxproj", "{A020F561-9EE8-4909-981B-CB61D6919620}"
EndProject
Project("{8BC9CEB8-8B4A-11D0-8D11-00A0C91BC942}") = "Week2", "Week2\Week2.vcxproj", "{6C93366D-92B2-4FA5-ADD2-E8E6E1E6F9FE}"
EndProject
Project("{8BC9CEB8-8B4A-11D0-8D11-00A0C91BC942}") = "Week3", "Week3\Week3.vcxproj", "{72000F59-25B6-49B3-94A4-243273AB46B6}"
EndProject
Project("{8BC9CEB8-8B4A-11D0-8D11-00A0C91BC942}") = "Week4", "Week4\Week4.vcxproj", "{91940BA3-3BD3-41E2-AA10-381C0E2CEFC1}"
EndProject
Project("{8BC9CEB8-8B4A-11D0-8D11-00A0C91BC942}") = "GAME2001_A1_BohengLiu", "GAME2001_A1_BohengLiu\GAME2001_A1_BohengLiu.vcxproj", "{2B2A9C45-C1F4-4321-9847-4237F30A7F21}"
EndProject
Project("{8BC9CEB8-8B4A-11D0-8D11-00A0C91BC942}") = "Week5", "Week5\Week5.vcxproj", "{F1A41F12-2ABA-4CB8-BB05-7DC054BB7A35}"
EndProject
Project("{8BC9CEB8-8B4A-11D0-8D11-00A0C91BC942}") = "Week6", "Week6\Week6.vcxproj", "{16E62F9E-FDE1-4CF8-A1DF-9B05FC5C9733}"
EndProject
Project("{8BC9CEB8-8B4A-11D0-8D11-00A0C91BC942}") = "Week9", "Week9\Week9.vcxproj", "{48D55C9B-E71D-4963-AF3C-3658877FF418}"
EndProject
Project("{8BC9CEB8-8B4A-11D0-8D11-00A0C91BC942}") = "Week10", "Week10\Week10.vcxproj", "{6027D71E-2B85-4CD6-AAE0-1D7FE18A68BD}"
EndProject
Global
	GlobalSection(SolutionConfigurationPlatforms) = preSolution
		Debug|x64 = Debug|x64
		Debug|x86 = Debug|x86
		Release|x64 = Release|x64
		Release|x86 = Release|x86
	EndGlobalSection
	GlobalSection(ProjectConfigurationPlatforms) = postSolution
		{A020F561-9EE8-4909-981B-CB61D6919620}.Debug|x64.ActiveCfg = Debug|x64
		{A020F561-9EE8-4909-981B-CB61D6919620}.Debug|x64.Build.0 = Debug|x64
		{A020F561-9EE8-4909-981B-CB61D6919620}.Debug|x86.ActiveCfg = Debug|Win32
		{A020F561-9EE8-4909-981B-CB61D6919620}.Debug|x86.Build.0 = Debug|Win32
		{A020F561-9EE8-4909-981B-CB61D6919620}.Release|x64.ActiveCfg = Release|x64
		{A020F561-9EE8-4909-981B-CB61D6919620}.Release|x64.Build.0 = Release|x64
		{A020F561-9EE8-4909-981B-CB61D6919620}.Release|x86.ActiveCfg = Release|Win32
		{A020F561-9EE8-4909-981B-CB61D6919620}.Release|x86.Build.0 = Release|Win32
		{6C93366D-92B2-4FA5-ADD2-E8E6E1E6F9FE}.Debug|x64.ActiveCfg = Debug|x64
		{6C93366D-92B2-4FA5-ADD2-E8E6E1E6F9FE}.Debug|x64.Build.0 = Debug|x64
		{6C93366D-92B2-4FA5-ADD2-E8E6E1E6F9FE}.Debug|x86.ActiveCfg = Debug|Win32
		{6C93366D-92B2-4FA5-ADD2-E8E6E1E6F9FE}.Debug|x86.Build.0 = Debug|Win32
		{6C93366D-92B2-4FA5-ADD2-E8E6E1E6F9FE}.Release|x64.ActiveCfg = Release|x64
		{6C93366D-92B2-4FA5-ADD2-E8E6E1E6F9FE}.Release|x64.Build.0 = Release|x64
		{6C93366D-92B2-4FA5-ADD2-E8E6E1E6F9FE}.Release|x86.ActiveCfg = Release|Win32
		{6C93366D-92B2-4FA5-ADD2-E8E6E1E6F9FE}.Release|x86.Build.0 = Release|Win32
		{72000F59-25B6-49B3-94A4-243273AB46B6}.Debug|x64.ActiveCfg = Debug|x64
		{72000F59-25B6-49B3-94A4-243273AB46B6}.Debug|x64.Build.0 = Debug|x64
		{72000F59-25B6-49B3-94A4-243273AB46B6}.Debug|x86.ActiveCfg = Debug|Win32
		{72000F59-25B6-49B3-94A4-243273AB46B6}.Debug|x86.Build.0 = Debug|Win32
		{72000F59-25B6-49B3-94A4-243273AB46B6}.Release|x64.ActiveCfg = Release|x64
		{72000F59-25B6-49B3-94A4-243273AB46B6}.Release|x64.Build.0 = Release|x64
		{72000F59-25B6-49B3-94A4-243273AB46B6}.Release|x86.ActiveCfg = Release|Win32
		{72000F59-25B6-49B3-94A4-243273AB46B6}.Release|x86.Build.0 = Release|Win32
		{91940BA3-3BD3-41E2-AA10-381C0E2CEFC1}.Debug|x64.ActiveCfg = Debug|x64
		{91940BA3-3BD3-41E2-AA10-381C0E2CEFC1}.Debug|x64.Build.0 = Debug|x64
		{91940BA3-3BD3-41E2-AA10-381C0E2CEFC1}.Debug|x86.ActiveCfg = Debug|Win32
		{91940BA3-3BD3-41E2-AA10-381C0E2CEFC1}.Debug|x86.Build.0 = Debug|Win32
		{91940BA3-3BD3-41E2-AA10-381C0E2CEFC1}.Release|x64.ActiveCfg = Release|x64
		{91940BA3-3BD3-41E2-AA10-381C0E2CEFC1}.Release|x64.Build.0 = Release|x64
		{91940BA3-3BD3-41E2-AA10-381C0E2CEFC1}.Release|x86.ActiveCfg = Release|Win32
		{91940BA3-3BD3-41E2-AA10-381C0E2CEFC1}.Release|x86.Build.0 = Release|Win32
		{2B2A9C45-C1F4-4321-9847-4237F30A7F21}.Debug|x64.ActiveCfg = Debug|x64
		{2B2A9C45-C1F4-4321-9847-4237F30A7F21}.Debug|x64.Build.0 = Debug|x64
		{2B2A9C45-C1F4-4321-9847-4237F30A7F21}.Debug|x86.ActiveCfg = Debug|Win32
		{2B2A9C45-C1F4-4321-9847-4237F30A7F21}.Debug|x86.Build.0 = Debug|Win32
		{2B2A9C45-C1F4-4321-9847-4237F30A7F21}.Release|x64.ActiveCfg = Release|x64
		{2B2A9C45-C1F4-4321-9847-4237F30A7F21}.Release|x64.Build.0 = Release|x64
		{2B2A9C45-C1F4-4321-9847-4237F30A7F21}.Release|x86.ActiveCfg = Release|Win32
		{2B2A9C45-C1F4-4321-9847-4237F30A7F21}.Release|x86.Build.0 = Release|Win32
		{F1A41F12-2ABA-4CB8-BB05-7DC054BB7A35}.Debug|x64.ActiveCfg = Debug|x64
		{F1A41F12-2ABA-4CB8-BB05-7DC054BB7A35}.Debug|x64.Build.0 = Debug|x64
		{F1A41F12-2ABA-4CB8-BB05-7DC054BB7A35}.Debug|x86.ActiveCfg = Debug|Win32
		{F1A41F12-2ABA-4CB8-BB05-7DC054BB7A35}.Debug|x86.Build.0 = Debug|Win32
		{F1A41F12-2ABA-4CB8-BB05-7DC054BB7A35}.Release|x64.ActiveCfg = Release|x64
		{F1A41F12-2ABA-4CB8-BB05-7DC054BB7A35}.Release|x64.Build.0 = Release|x64
		{F1A41F12-2ABA-4CB8-BB05-7DC054BB7A35}.Release|x86.ActiveCfg = Release|Win32
		{F1A41F12-2ABA-4CB8-BB05-7DC054BB7A35}.Release|x86.Build.0 = Release|Win32
		{16E62F9E-FDE1-4CF8-A1DF-9B05FC5C9733}.Debug|x64.ActiveCfg = Debug|x64
		{16E62F9E-FDE1-4CF8-A1DF-9B05FC5C9733}.Debug|x64.Build.0 = Debug|x64
		{16E62F9E-FDE1-4CF8-A1DF-9B05FC5C9733}.Debug|x86.ActiveCfg = Debug|Win32
		{16E62F9E-FDE1-4CF8-A1DF-9B05FC5C9733}.Debug|x86.Build.0 = Debug|Win32
		{16E62F9E-FDE1-4CF8-A1DF-9B05FC5C9733}.Release|x64.ActiveCfg = Release|x64
		{16E62F9E-FDE1-4CF8-A1DF-9B05FC5C9733}.Release|x64.Build.0 = Release|x64
		{16E62F9E-FDE1-4CF8-A1DF-9B05FC5C9733}.Release|x86.ActiveCfg = Release|Win32
		{16E62F9E-FDE1-4CF8-A1DF-9B05FC5C9733}.Release|x86.Build.0 = Release|Win32
		{48D55C9B-E71D-4963-AF3C-3658877FF418}.Debug|x64.ActiveCfg = Debug|x64
		{48D55C9B-E71D-4963-AF3C-3658877FF418}.Debug|x64.Build.0 = Debug|x64
		{48D55C9B-E71D-4963-AF3C-3658877FF418}.Debug|x86.ActiveCfg = Debug|Win32
		{48D55C9B-E71D-4963-AF3C-3658877FF418}.Debug|x86.Build.0 = Debug|Win32
		{48D55C9B-E71D-4963-AF3C-3658877FF418}.Release|x64.ActiveCfg = Release|x64
		{48D55C9B-E71D-4963-AF3C-3658877FF418}.Release|x64.Build.0 = Release|x64
		{48D55C9B-E71D-4963-AF3C-3658877FF418}.Release|x86.ActiveCfg = Release|Win32
		{48D55C9B-E71D-4963-AF3C-3658877FF418}.Release|x86.Build.0 = Release|Win32
		{6027D71E-2B85-4CD6-AAE0-1D7FE18A68BD}.Debug|x64.ActiveCfg = Debug|x64
		{6027D71E-2B85-4CD6-AAE0-1D7FE18A68BD}.Debug|x64.Build.0 = Debug|x64
		{6027D71E-2B85-4CD6-AAE0-1D7FE18A68BD}.Debug|x86.ActiveCfg = Debug|Win32
		{6027D71E-2B85-4CD6-AAE0-1D7FE18A68BD}.Debug|x86.Build.0 = Debug|Win32
		{6027D71E-2B85-4CD6-AAE0-1D7FE18A68BD}.Release|x64.ActiveCfg = Release|x64
		{6027D71E-2B85-4CD6-AAE0-1D7FE18A68BD}.Release|x64.Build.0 = Release|x64
		{6027D71E-2B85-4CD6-AAE0-1D7FE18A68BD}.Release|x86.ActiveCfg = Release|Win32
		{6027D71E-2B85-4CD6-AAE0-1D7FE18A68BD}.Release|x86.Build.0 = Release|Win32
	EndGlobalSection
	GlobalSection(SolutionProperties) = preSolution
		HideSolutionNode = FALSE
	EndGlobalSection
	GlobalSection(ExtensibilityGlobals) = postSolution
		SolutionGuid = {BF0C1C8E-4035-41C8-8658-CB129CE66061}
	EndGlobalSection
EndGlobal
